dependencies:
- name: hazelcast
  repository: https://hazelcast-charts.s3.amazonaws.com/
  version: 5.4.0
- name: influxdb
  repository: https://helm.influxdata.com/
  version: 4.12.0
- name: grafana
  repository: https://charts.bitnami.com/bitnami
  version: 8.0.11
- name: mysql
  repository: https://charts.bitnami.com/bitnami
  version: 9.2.6
digest: sha256:0db027a0602128156cbcb7b23f694bde96686411367a8cb640a081978112a418
generated: "2022-08-15T13:44:06.925386+01:00"
