dependencies:
- name: hazelcast
  repository: https://hazelcast-charts.s3.amazonaws.com/
  version: 5.4.0
- name: influxdb
  repository: https://helm.influxdata.com/
  version: 4.7.0
- name: grafana
  repository: https://raw.githubusercontent.com/bitnami/charts/eb5f9a9513d987b519f0ecd732e7031241c50328/bitnami
  version: 3.1.1
- name: mysql
  repository: https://raw.githubusercontent.com/bitnami/charts/eb5f9a9513d987b519f0ecd732e7031241c50328/bitnami
  version: 8.2.5
digest: sha256:539b10092ad89256f88aa0bbcf833deecd97fcb7d0ed025fd5c72e08dd100ab9
generated: "2022-06-08T11:57:39.855282-07:00"
