dependencies:
- name: hazelcast
  repository: https://hazelcast-charts.s3.amazonaws.com/
  version: 3.4.6
- name: influxdb
  repository: https://helm.influxdata.com/
  version: 4.7.0
- name: grafana
  repository: https://charts.bitnami.com/bitnami
  version: 3.1.1
- name: mysql
  repository: https://charts.helm.sh/stable
  version: 1.6.7
digest: sha256:862e28aa89c20f7abdfac6c8077ef0089d89480535e6c0a20034b34bf0c17b7e
generated: "2020-11-02T15:50:00.344244Z"
