dependencies:
- name: druid
  repository: file://../druid
  version: 1.0.0
- name: mysql
  repository: https://kubernetes-charts.storage.googleapis.com/
  version: 1.6.4
- name: rabbitmq
  repository: https://charts.bitnami.com/bitnami
  version: 7.6.6
- name: ingress-nginx
  repository: https://kubernetes.github.io/ingress-nginx/
  version: 2.15.0
digest: sha256:af612ab0b3e2c67cb590600f9153678ca815ea7ef94fb1de8276c886fb78f960
generated: "2020-11-02T09:30:20.047675Z"
