dependencies:
- name: druid
  repository: file://../druid
  version: 1.0.17
- name: mysql
  repository: https://raw.githubusercontent.com/bitnami/charts/archive-full-index/bitnami
  version: 12.2.2
- name: rabbitmq
  repository: https://raw.githubusercontent.com/bitnami/charts/archive-full-index/bitnami
  version: 12.0.3
- name: ingress-nginx
  repository: https://kubernetes.github.io/ingress-nginx/
  version: 4.12.1
digest: sha256:a232d427aafce12b14085dbf887219aaf83e563693d86fd6c0985e1d5c800810
generated: "2025-06-17T23:17:16.7865154+05:30"
